// !$*UTF8*$!
{
	archiveVersion = 1;
	classes = {
	};
	objectVersion = 48;
	objects = {

/* Begin PBXBuildFile section */
		77C9E37DF446A5B182E7F261 /* Pods_WeatherGift.framework in Frameworks */ = {isa = PBXBuildFile; fileRef = 081C786FF3D754383A8E0334 /* Pods_WeatherGift.framework */; };
		AD2B4B4D2068E0E9007AE03A /* DetailVC.swift in Sources */ = {isa = PBXBuildFile; fileRef = AD2B4B4C2068E0E9007AE03A /* DetailVC.swift */; };
		AD2B4B4F2068E12F007AE03A /* ListVC.swift in Sources */ = {isa = PBXBuildFile; fileRef = AD2B4B4E2068E12F007AE03A /* ListVC.swift */; };
		AD2B4B512068E167007AE03A /* PageVC.swift in Sources */ = {isa = PBXBuildFile; fileRef = AD2B4B502068E167007AE03A /* PageVC.swift */; };
		AD8A94FE207D4FE6008155B4 /* WeatherLocation.swift in Sources */ = {isa = PBXBuildFile; fileRef = AD8A94FD207D4FE6008155B4 /* WeatherLocation.swift */; };
		AD8A9500207D5011008155B4 /* WeatherDetail.swift in Sources */ = {isa = PBXBuildFile; fileRef = AD8A94FF207D5011008155B4 /* WeatherDetail.swift */; };
		AD8A9502207D5043008155B4 /* AboutVC.swift in Sources */ = {isa = PBXBuildFile; fileRef = AD8A9501207D5043008155B4 /* AboutVC.swift */; };
		AD8A9504207D5153008155B4 /* DayWeatherCell.swift in Sources */ = {isa = PBXBuildFile; fileRef = AD8A9503207D5153008155B4 /* DayWeatherCell.swift */; };
		AD8A9508207D51B3008155B4 /* HourlyWeatherCell.swift in Sources */ = {isa = PBXBuildFile; fileRef = AD8A9507207D51B3008155B4 /* HourlyWeatherCell.swift */; };
		AD8A950A207D51E5008155B4 /* TimeInterval+Format.swift in Sources */ = {isa = PBXBuildFile; fileRef = AD8A9509207D51E5008155B4 /* TimeInterval+Format.swift */; };
		AD8A950C207D5205008155B4 /* Constants.swift in Sources */ = {isa = PBXBuildFile; fileRef = AD8A950B207D5205008155B4 /* Constants.swift */; };
		ADB37AF32060495E00678FA9 /* AppDelegate.swift in Sources */ = {isa = PBXBuildFile; fileRef = ADB37AF22060495E00678FA9 /* AppDelegate.swift */; };
		ADB37AF82060495E00678FA9 /* Main.storyboard in Resources */ = {isa = PBXBuildFile; fileRef = ADB37AF62060495E00678FA9 /* Main.storyboard */; };
		ADB37AFA2060495E00678FA9 /* Assets.xcassets in Resources */ = {isa = PBXBuildFile; fileRef = ADB37AF92060495E00678FA9 /* Assets.xcassets */; };
		ADB37AFD2060495E00678FA9 /* LaunchScreen.storyboard in Resources */ = {isa = PBXBuildFile; fileRef = ADB37AFB2060495E00678FA9 /* LaunchScreen.storyboard */; };
/* End PBXBuildFile section */

/* Begin PBXFileReference section */
		081C786FF3D754383A8E0334 /* Pods_WeatherGift.framework */ = {isa = PBXFileReference; explicitFileType = wrapper.framework; includeInIndex = 0; path = Pods_WeatherGift.framework; sourceTree = BUILT_PRODUCTS_DIR; };
		4139930390DBAE4D4A642B06 /* Pods-WeatherGift.release.xcconfig */ = {isa = PBXFileReference; includeInIndex = 1; lastKnownFileType = text.xcconfig; name = "Pods-WeatherGift.release.xcconfig"; path = "Pods/Target Support Files/Pods-WeatherGift/Pods-WeatherGift.release.xcconfig"; sourceTree = "<group>"; };
		7F23B03C8916994199A56A09 /* Pods-WeatherGift.debug.xcconfig */ = {isa = PBXFileReference; includeInIndex = 1; lastKnownFileType = text.xcconfig; name = "Pods-WeatherGift.debug.xcconfig"; path = "Pods/Target Support Files/Pods-WeatherGift/Pods-WeatherGift.debug.xcconfig"; sourceTree = "<group>"; };
		AD2B4B4C2068E0E9007AE03A /* DetailVC.swift */ = {isa = PBXFileReference; lastKnownFileType = sourcecode.swift; path = DetailVC.swift; sourceTree = "<group>"; };
		AD2B4B4E2068E12F007AE03A /* ListVC.swift */ = {isa = PBXFileReference; lastKnownFileType = sourcecode.swift; path = ListVC.swift; sourceTree = "<group>"; };
		AD2B4B502068E167007AE03A /* PageVC.swift */ = {isa = PBXFileReference; lastKnownFileType = sourcecode.swift; path = PageVC.swift; sourceTree = "<group>"; };
		AD8A94FD207D4FE6008155B4 /* WeatherLocation.swift */ = {isa = PBXFileReference; lastKnownFileType = sourcecode.swift; path = WeatherLocation.swift; sourceTree = "<group>"; };
		AD8A94FF207D5011008155B4 /* WeatherDetail.swift */ = {isa = PBXFileReference; lastKnownFileType = sourcecode.swift; path = WeatherDetail.swift; sourceTree = "<group>"; };
		AD8A9501207D5043008155B4 /* AboutVC.swift */ = {isa = PBXFileReference; lastKnownFileType = sourcecode.swift; path = AboutVC.swift; sourceTree = "<group>"; };
		AD8A9503207D5153008155B4 /* DayWeatherCell.swift */ = {isa = PBXFileReference; lastKnownFileType = sourcecode.swift; path = DayWeatherCell.swift; sourceTree = "<group>"; };
		AD8A9507207D51B3008155B4 /* HourlyWeatherCell.swift */ = {isa = PBXFileReference; lastKnownFileType = sourcecode.swift; path = HourlyWeatherCell.swift; sourceTree = "<group>"; };
		AD8A9509207D51E5008155B4 /* TimeInterval+Format.swift */ = {isa = PBXFileReference; lastKnownFileType = sourcecode.swift; path = "TimeInterval+Format.swift"; sourceTree = "<group>"; };
		AD8A950B207D5205008155B4 /* Constants.swift */ = {isa = PBXFileReference; lastKnownFileType = sourcecode.swift; path = Constants.swift; sourceTree = "<group>"; };
		ADB37AEF2060495E00678FA9 /* WeatherGift.app */ = {isa = PBXFileReference; explicitFileType = wrapper.application; includeInIndex = 0; path = WeatherGift.app; sourceTree = BUILT_PRODUCTS_DIR; };
		ADB37AF22060495E00678FA9 /* AppDelegate.swift */ = {isa = PBXFileReference; lastKnownFileType = sourcecode.swift; path = AppDelegate.swift; sourceTree = "<group>"; };
		ADB37AF72060495E00678FA9 /* Base */ = {isa = PBXFileReference; lastKnownFileType = file.storyboard; name = Base; path = Base.lproj/Main.storyboard; sourceTree = "<group>"; };
		ADB37AF92060495E00678FA9 /* Assets.xcassets */ = {isa = PBXFileReference; lastKnownFileType = folder.assetcatalog; path = Assets.xcassets; sourceTree = "<group>"; };
		ADB37AFC2060495E00678FA9 /* Base */ = {isa = PBXFileReference; lastKnownFileType = file.storyboard; name = Base; path = Base.lproj/LaunchScreen.storyboard; sourceTree = "<group>"; };
		ADB37AFE2060495E00678FA9 /* Info.plist */ = {isa = PBXFileReference; lastKnownFileType = text.plist.xml; path = Info.plist; sourceTree = "<group>"; };
/* End PBXFileReference section */

/* Begin PBXFrameworksBuildPhase section */
		ADB37AEC2060495E00678FA9 /* Frameworks */ = {
			isa = PBXFrameworksBuildPhase;
			buildActionMask = 2147483647;
			files = (
				77C9E37DF446A5B182E7F261 /* Pods_WeatherGift.framework in Frameworks */,
			);
			runOnlyForDeploymentPostprocessing = 0;
		};
/* End PBXFrameworksBuildPhase section */

/* Begin PBXGroup section */
		7F95A5B469B632C08134A5FB /* Frameworks */ = {
			isa = PBXGroup;
			children = (
				081C786FF3D754383A8E0334 /* Pods_WeatherGift.framework */,
			);
			name = Frameworks;
			sourceTree = "<group>";
		};
		ADB37AE62060495E00678FA9 = {
			isa = PBXGroup;
			children = (
				ADB37AF12060495E00678FA9 /* WeatherGift */,
				ADB37AF02060495E00678FA9 /* Products */,
				F5FB734BDC5CD8358CDBCCD8 /* Pods */,
				7F95A5B469B632C08134A5FB /* Frameworks */,
			);
			sourceTree = "<group>";
		};
		ADB37AF02060495E00678FA9 /* Products */ = {
			isa = PBXGroup;
			children = (
				ADB37AEF2060495E00678FA9 /* WeatherGift.app */,
			);
			name = Products;
			sourceTree = "<group>";
		};
		ADB37AF12060495E00678FA9 /* WeatherGift */ = {
			isa = PBXGroup;
			children = (
				ADB37AF22060495E00678FA9 /* AppDelegate.swift */,
				AD8A94FD207D4FE6008155B4 /* WeatherLocation.swift */,
				AD8A94FF207D5011008155B4 /* WeatherDetail.swift */,
				AD8A9501207D5043008155B4 /* AboutVC.swift */,
				AD2B4B502068E167007AE03A /* PageVC.swift */,
				AD2B4B4E2068E12F007AE03A /* ListVC.swift */,
				AD2B4B4C2068E0E9007AE03A /* DetailVC.swift */,
				AD8A9503207D5153008155B4 /* DayWeatherCell.swift */,
				AD8A9507207D51B3008155B4 /* HourlyWeatherCell.swift */,
				AD8A9509207D51E5008155B4 /* TimeInterval+Format.swift */,
				AD8A950B207D5205008155B4 /* Constants.swift */,
				ADB37AF62060495E00678FA9 /* Main.storyboard */,
				ADB37AF92060495E00678FA9 /* Assets.xcassets */,
				ADB37AFB2060495E00678FA9 /* LaunchScreen.storyboard */,
				ADB37AFE2060495E00678FA9 /* Info.plist */,
			);
			path = WeatherGift;
			sourceTree = "<group>";
		};
		F5FB734BDC5CD8358CDBCCD8 /* Pods */ = {
			isa = PBXGroup;
			children = (
				7F23B03C8916994199A56A09 /* Pods-WeatherGift.debug.xcconfig */,
				4139930390DBAE4D4A642B06 /* Pods-WeatherGift.release.xcconfig */,
			);
			name = Pods;
			sourceTree = "<group>";
		};
/* End PBXGroup section */

/* Begin PBXNativeTarget section */
		ADB37AEE2060495E00678FA9 /* WeatherGift */ = {
			isa = PBXNativeTarget;
			buildConfigurationList = ADB37B012060495E00678FA9 /* Build configuration list for PBXNativeTarget "WeatherGift" */;
			buildPhases = (
				94C6CBA9D157ED51FF6D02DC /* [CP] Check Pods Manifest.lock */,
				ADB37AEB2060495E00678FA9 /* Sources */,
				ADB37AEC2060495E00678FA9 /* Frameworks */,
				ADB37AED2060495E00678FA9 /* Resources */,
				E5FBBE0B46EFF038579E7960 /* [CP] Embed Pods Frameworks */,
				DAE313C232E9B3EF041F993A /* [CP] Copy Pods Resources */,
			);
			buildRules = (
			);
			dependencies = (
			);
			name = WeatherGift;
			productName = WeatherGift;
			productReference = ADB37AEF2060495E00678FA9 /* WeatherGift.app */;
			productType = "com.apple.product-type.application";
		};
/* End PBXNativeTarget section */

/* Begin PBXProject section */
		ADB37AE72060495E00678FA9 /* Project object */ = {
			isa = PBXProject;
			attributes = {
				LastSwiftUpdateCheck = 0920;
				LastUpgradeCheck = 0920;
				ORGANIZATIONNAME = Pahwa;
				TargetAttributes = {
					ADB37AEE2060495E00678FA9 = {
						CreatedOnToolsVersion = 9.2;
						ProvisioningStyle = Automatic;
					};
				};
			};
			buildConfigurationList = ADB37AEA2060495E00678FA9 /* Build configuration list for PBXProject "WeatherGift" */;
			compatibilityVersion = "Xcode 8.0";
			developmentRegion = en;
			hasScannedForEncodings = 0;
			knownRegions = (
				en,
				Base,
			);
			mainGroup = ADB37AE62060495E00678FA9;
			productRefGroup = ADB37AF02060495E00678FA9 /* Products */;
			projectDirPath = "";
			projectRoot = "";
			targets = (
				ADB37AEE2060495E00678FA9 /* WeatherGift */,
			);
		};
/* End PBXProject section */

/* Begin PBXResourcesBuildPhase section */
		ADB37AED2060495E00678FA9 /* Resources */ = {
			isa = PBXResourcesBuildPhase;
			buildActionMask = 2147483647;
			files = (
				ADB37AFD2060495E00678FA9 /* LaunchScreen.storyboard in Resources */,
				ADB37AFA2060495E00678FA9 /* Assets.xcassets in Resources */,
				ADB37AF82060495E00678FA9 /* Main.storyboard in Resources */,
			);
			runOnlyForDeploymentPostprocessing = 0;
		};
/* End PBXResourcesBuildPhase section */

/* Begin PBXShellScriptBuildPhase section */
		94C6CBA9D157ED51FF6D02DC /* [CP] Check Pods Manifest.lock */ = {
			isa = PBXShellScriptBuildPhase;
			buildActionMask = 2147483647;
			files = (
			);
			inputPaths = (
				"${PODS_PODFILE_DIR_PATH}/Podfile.lock",
				"${PODS_ROOT}/Manifest.lock",
			);
			name = "[CP] Check Pods Manifest.lock";
			outputPaths = (
				"$(DERIVED_FILE_DIR)/Pods-WeatherGift-checkManifestLockResult.txt",
			);
			runOnlyForDeploymentPostprocessing = 0;
			shellPath = /bin/sh;
			shellScript = "diff \"${PODS_PODFILE_DIR_PATH}/Podfile.lock\" \"${PODS_ROOT}/Manifest.lock\" > /dev/null\nif [ $? != 0 ] ; then\n    # print error to STDERR\n    echo \"error: The sandbox is not in sync with the Podfile.lock. Run 'pod install' or update your CocoaPods installation.\" >&2\n    exit 1\nfi\n# This output is used by Xcode 'outputs' to avoid re-running this script phase.\necho \"SUCCESS\" > \"${SCRIPT_OUTPUT_FILE_0}\"\n";
			showEnvVarsInLog = 0;
		};
		DAE313C232E9B3EF041F993A /* [CP] Copy Pods Resources */ = {
			isa = PBXShellScriptBuildPhase;
			buildActionMask = 2147483647;
			files = (
			);
			inputPaths = (
				"${SRCROOT}/Pods/Target Support Files/Pods-WeatherGift/Pods-WeatherGift-resources.sh",
				"${PODS_ROOT}/GooglePlaces/Frameworks/GooglePlaces.framework/Resources/GooglePlaces.bundle",
			);
			name = "[CP] Copy Pods Resources";
			outputPaths = (
				"${TARGET_BUILD_DIR}/${UNLOCALIZED_RESOURCES_FOLDER_PATH}/GooglePlaces.bundle",
			);
			runOnlyForDeploymentPostprocessing = 0;
			shellPath = /bin/sh;
			shellScript = "\"${SRCROOT}/Pods/Target Support Files/Pods-WeatherGift/Pods-WeatherGift-resources.sh\"\n";
			showEnvVarsInLog = 0;
		};
		E5FBBE0B46EFF038579E7960 /* [CP] Embed Pods Frameworks */ = {
			isa = PBXShellScriptBuildPhase;
			buildActionMask = 2147483647;
			files = (
			);
			inputPaths = (
				"${SRCROOT}/Pods/Target Support Files/Pods-WeatherGift/Pods-WeatherGift-frameworks.sh",
				"${BUILT_PRODUCTS_DIR}/Alamofire/Alamofire.framework",
				"${BUILT_PRODUCTS_DIR}/SwiftyJSON/SwiftyJSON.framework",
			);
			name = "[CP] Embed Pods Frameworks";
			outputPaths = (
				"${TARGET_BUILD_DIR}/${FRAMEWORKS_FOLDER_PATH}/Alamofire.framework",
				"${TARGET_BUILD_DIR}/${FRAMEWORKS_FOLDER_PATH}/SwiftyJSON.framework",
			);
			runOnlyForDeploymentPostprocessing = 0;
			shellPath = /bin/sh;
			shellScript = "\"${SRCROOT}/Pods/Target Support Files/Pods-WeatherGift/Pods-WeatherGift-frameworks.sh\"\n";
			showEnvVarsInLog = 0;
		};
/* End PBXShellScriptBuildPhase section */

/* Begin PBXSourcesBuildPhase section */
		ADB37AEB2060495E00678FA9 /* Sources */ = {
			isa = PBXSourcesBuildPhase;
			buildActionMask = 2147483647;
			files = (
				AD8A950A207D51E5008155B4 /* TimeInterval+Format.swift in Sources */,
				AD8A950C207D5205008155B4 /* Constants.swift in Sources */,
				AD8A9502207D5043008155B4 /* AboutVC.swift in Sources */,
				AD8A9508207D51B3008155B4 /* HourlyWeatherCell.swift in Sources */,
				AD8A94FE207D4FE6008155B4 /* WeatherLocation.swift in Sources */,
				AD2B4B4F2068E12F007AE03A /* ListVC.swift in Sources */,
				AD2B4B512068E167007AE03A /* PageVC.swift in Sources */,
				AD8A9500207D5011008155B4 /* WeatherDetail.swift in Sources */,
				AD8A9504207D5153008155B4 /* DayWeatherCell.swift in Sources */,
				ADB37AF32060495E00678FA9 /* AppDelegate.swift in Sources */,
				AD2B4B4D2068E0E9007AE03A /* DetailVC.swift in Sources */,
			);
			runOnlyForDeploymentPostprocessing = 0;
		};
/* End PBXSourcesBuildPhase section */

/* Begin PBXVariantGroup section */
		ADB37AF62060495E00678FA9 /* Main.storyboard */ = {
			isa = PBXVariantGroup;
			children = (
				ADB37AF72060495E00678FA9 /* Base */,
			);
			name = Main.storyboard;
			sourceTree = "<group>";
		};
		ADB37AFB2060495E00678FA9 /* LaunchScreen.storyboard */ = {
			isa = PBXVariantGroup;
			children = (
				ADB37AFC2060495E00678FA9 /* Base */,
			);
			name = LaunchScreen.storyboard;
			sourceTree = "<group>";
		};
/* End PBXVariantGroup section */

/* Begin XCBuildConfiguration section */
		ADB37AFF2060495E00678FA9 /* Debug */ = {
			isa = XCBuildConfiguration;
			buildSettings = {
				ALWAYS_SEARCH_USER_PATHS = NO;
				CLANG_ANALYZER_NONNULL = YES;
				CLANG_ANALYZER_NUMBER_OBJECT_CONVERSION = YES_AGGRESSIVE;
				CLANG_CXX_LANGUAGE_STANDARD = "gnu++14";
				CLANG_CXX_LIBRARY = "libc++";
				CLANG_ENABLE_MODULES = YES;
				CLANG_ENABLE_OBJC_ARC = YES;
				CLANG_WARN_BLOCK_CAPTURE_AUTORELEASING = YES;
				CLANG_WARN_BOOL_CONVERSION = YES;
				CLANG_WARN_COMMA = YES;
				CLANG_WARN_CONSTANT_CONVERSION = YES;
				CLANG_WARN_DIRECT_OBJC_ISA_USAGE = YES_ERROR;
				CLANG_WARN_DOCUMENTATION_COMMENTS = YES;
				CLANG_WARN_EMPTY_BODY = YES;
				CLANG_WARN_ENUM_CONVERSION = YES;
				CLANG_WARN_INFINITE_RECURSION = YES;
				CLANG_WARN_INT_CONVERSION = YES;
				CLANG_WARN_NON_LITERAL_NULL_CONVERSION = YES;
				CLANG_WARN_OBJC_LITERAL_CONVERSION = YES;
				CLANG_WARN_OBJC_ROOT_CLASS = YES_ERROR;
				CLANG_WARN_RANGE_LOOP_ANALYSIS = YES;
				CLANG_WARN_STRICT_PROTOTYPES = YES;
				CLANG_WARN_SUSPICIOUS_MOVE = YES;
				CLANG_WARN_UNGUARDED_AVAILABILITY = YES_AGGRESSIVE;
				CLANG_WARN_UNREACHABLE_CODE = YES;
				CLANG_WARN__DUPLICATE_METHOD_MATCH = YES;
				CODE_SIGN_IDENTITY = "iPhone Developer";
				COPY_PHASE_STRIP = NO;
				DEBUG_INFORMATION_FORMAT = dwarf;
				ENABLE_STRICT_OBJC_MSGSEND = YES;
				ENABLE_TESTABILITY = YES;
				GCC_C_LANGUAGE_STANDARD = gnu11;
				GCC_DYNAMIC_NO_PIC = NO;
				GCC_NO_COMMON_BLOCKS = YES;
				GCC_OPTIMIZATION_LEVEL = 0;
				GCC_PREPROCESSOR_DEFINITIONS = (
					"DEBUG=1",
					"$(inherited)",
				);
				GCC_WARN_64_TO_32_BIT_CONVERSION = YES;
				GCC_WARN_ABOUT_RETURN_TYPE = YES_ERROR;
				GCC_WARN_UNDECLARED_SELECTOR = YES;
				GCC_WARN_UNINITIALIZED_AUTOS = YES_AGGRESSIVE;
				GCC_WARN_UNUSED_FUNCTION = YES;
				GCC_WARN_UNUSED_VARIABLE = YES;
				IPHONEOS_DEPLOYMENT_TARGET = 11.2;
				MTL_ENABLE_DEBUG_INFO = YES;
				ONLY_ACTIVE_ARCH = YES;
				SDKROOT = iphoneos;
				SWIFT_ACTIVE_COMPILATION_CONDITIONS = DEBUG;
				SWIFT_OPTIMIZATION_LEVEL = "-Onone";
			};
			name = Debug;
		};
		ADB37B002060495E00678FA9 /* Release */ = {
			isa = XCBuildConfiguration;
			buildSettings = {
				ALWAYS_SEARCH_USER_PATHS = NO;
				CLANG_ANALYZER_NONNULL = YES;
				CLANG_ANALYZER_NUMBER_OBJECT_CONVERSION = YES_AGGRESSIVE;
				CLANG_CXX_LANGUAGE_STANDARD = "gnu++14";
				CLANG_CXX_LIBRARY = "libc++";
				CLANG_ENABLE_MODULES = YES;
				CLANG_ENABLE_OBJC_ARC = YES;
				CLANG_WARN_BLOCK_CAPTURE_AUTORELEASING = YES;
				CLANG_WARN_BOOL_CONVERSION = YES;
				CLANG_WARN_COMMA = YES;
				CLANG_WARN_CONSTANT_CONVERSION = YES;
				CLANG_WARN_DIRECT_OBJC_ISA_USAGE = YES_ERROR;
				CLANG_WARN_DOCUMENTATION_COMMENTS = YES;
				CLANG_WARN_EMPTY_BODY = YES;
				CLANG_WARN_ENUM_CONVERSION = YES;
				CLANG_WARN_INFINITE_RECURSION = YES;
				CLANG_WARN_INT_CONVERSION = YES;
				CLANG_WARN_NON_LITERAL_NULL_CONVERSION = YES;
				CLANG_WARN_OBJC_LITERAL_CONVERSION = YES;
				CLANG_WARN_OBJC_ROOT_CLASS = YES_ERROR;
				CLANG_WARN_RANGE_LOOP_ANALYSIS = YES;
				CLANG_WARN_STRICT_PROTOTYPES = YES;
				CLANG_WARN_SUSPICIOUS_MOVE = YES;
				CLANG_WARN_UNGUARDED_AVAILABILITY = YES_AGGRESSIVE;
				CLANG_WARN_UNREACHABLE_CODE = YES;
				CLANG_WARN__DUPLICATE_METHOD_MATCH = YES;
				CODE_SIGN_IDENTITY = "iPhone Developer";
				COPY_PHASE_STRIP = NO;
				DEBUG_INFORMATION_FORMAT = "dwarf-with-dsym";
				ENABLE_NS_ASSERTIONS = NO;
				ENABLE_STRICT_OBJC_MSGSEND = YES;
				GCC_C_LANGUAGE_STANDARD = gnu11;
				GCC_NO_COMMON_BLOCKS = YES;
				GCC_WARN_64_TO_32_BIT_CONVERSION = YES;
				GCC_WARN_ABOUT_RETURN_TYPE = YES_ERROR;
				GCC_WARN_UNDECLARED_SELECTOR = YES;
				GCC_WARN_UNINITIALIZED_AUTOS = YES_AGGRESSIVE;
				GCC_WARN_UNUSED_FUNCTION = YES;
				GCC_WARN_UNUSED_VARIABLE = YES;
				IPHONEOS_DEPLOYMENT_TARGET = 11.2;
				MTL_ENABLE_DEBUG_INFO = NO;
				SDKROOT = iphoneos;
				SWIFT_OPTIMIZATION_LEVEL = "-Owholemodule";
				VALIDATE_PRODUCT = YES;
			};
			name = Release;
		};
		ADB37B022060495E00678FA9 /* Debug */ = {
			isa = XCBuildConfiguration;
			baseConfigurationReference = 7F23B03C8916994199A56A09 /* Pods-WeatherGift.debug.xcconfig */;
			buildSettings = {
				ASSETCATALOG_COMPILER_APPICON_NAME = AppIcon;
				CODE_SIGN_STYLE = Automatic;
				DEVELOPMENT_TEAM = 7E3A6Y64YC;
				INFOPLIST_FILE = WeatherGift/Info.plist;
				IPHONEOS_DEPLOYMENT_TARGET = 11.0;
				LD_RUNPATH_SEARCH_PATHS = "$(inherited) @executable_path/Frameworks";
				PRODUCT_BUNDLE_IDENTIFIER = com.pahwa.WeatherGift;
				PRODUCT_NAME = "$(TARGET_NAME)";
				SWIFT_VERSION = 4.0;
				TARGETED_DEVICE_FAMILY = "1,2";
			};
			name = Debug;
		};
		ADB37B032060495E00678FA9 /* Release */ = {
			isa = XCBuildConfiguration;
			baseConfigurationReference = 4139930390DBAE4D4A642B06 /* Pods-WeatherGift.release.xcconfig */;
			buildSettings = {
				ASSETCATALOG_COMPILER_APPICON_NAME = AppIcon;
				CODE_SIGN_STYLE = Automatic;
				DEVELOPMENT_TEAM = 7E3A6Y64YC;
				INFOPLIST_FILE = WeatherGift/Info.plist;
				IPHONEOS_DEPLOYMENT_TARGET = 11.0;
				LD_RUNPATH_SEARCH_PATHS = "$(inherited) @executable_path/Frameworks";
				PRODUCT_BUNDLE_IDENTIFIER = com.pahwa.WeatherGift;
				PRODUCT_NAME = "$(TARGET_NAME)";
				SWIFT_VERSION = 4.0;
				TARGETED_DEVICE_FAMILY = "1,2";
			};
			name = Release;
		};
/* End XCBuildConfiguration section */

/* Begin XCConfigurationList section */
		ADB37AEA2060495E00678FA9 /* Build configuration list for PBXProject "WeatherGift" */ = {
			isa = XCConfigurationList;
			buildConfigurations = (
				ADB37AFF2060495E00678FA9 /* Debug */,
				ADB37B002060495E00678FA9 /* Release */,
			);
			defaultConfigurationIsVisible = 0;
			defaultConfigurationName = Release;
		};
		ADB37B012060495E00678FA9 /* Build configuration list for PBXNativeTarget "WeatherGift" */ = {
			isa = XCConfigurationList;
			buildConfigurations = (
				ADB37B022060495E00678FA9 /* Debug */,
				ADB37B032060495E00678FA9 /* Release */,
			);
			defaultConfigurationIsVisible = 0;
			defaultConfigurationName = Release;
		};
/* End XCConfigurationList section */
	};
	rootObject = ADB37AE72060495E00678FA9 /* Project object */;
}
